{
  "kit_version": "0.15.0",
  "min_java": 17,
  "generator": {
    "version": "0.9.0",
    "asset": "specfuse-generator-0.9.0.jar",
    "sha256": "68bfff931ab7fd9ae7f41664a850f93999233943b6eb465400343b0374cbc130",
    "release_repo": "Specfuse/generator-dist",
    "release_tag": "v0.9.0"
  },
  "_note": "Pin the kit<->generator contract here. On each generator release: set version/asset/sha256/release_tag, then publish a matching kit patch. sha256=PENDING means no generator is bundled yet; `specfuse authoring generate` will refuse with a clear message until a real jar is pinned."
}
